
Microsoft Visual Studio Solution File, Format Version 12.00
# Visual Studio 14
VisualStudioVersion = 14.0.24720.0
MinimumVisualStudioVersion = 10.0.40219.1
Project("{FAE04EC0-301F-11D3-BF4B-00C04F79EFBC}") = "mongopb", "mongopb\mongopb.csproj", "{202F480A-462F-4233-A0BC-D56DEA26287A}"
EndProject
Project("{FAE04EC0-301F-11D3-BF4B-00C04F79EFBC}") = "mongopb.api", "mongopb.api\mongopb.api.csproj", "{83709CD9-A9B2-4823-A819-ACB44A3D3862}"
EndProject
Global
	GlobalSection(SolutionConfigurationPlatforms) = preSolution
		Debug|Any CPU = Debug|Any CPU
		Release|Any CPU = Release|Any CPU
	EndGlobalSection
	GlobalSection(ProjectConfigurationPlatforms) = postSolution
		{202F480A-462F-4233-A0BC-D56DEA26287A}.Debug|Any CPU.ActiveCfg = Debug|Any CPU
		{202F480A-462F-4233-A0BC-D56DEA26287A}.Debug|Any CPU.Build.0 = Debug|Any CPU
		{202F480A-462F-4233-A0BC-D56DEA26287A}.Release|Any CPU.ActiveCfg = Release|Any CPU
		{202F480A-462F-4233-A0BC-D56DEA26287A}.Release|Any CPU.Build.0 = Release|Any CPU
		{83709CD9-A9B2-4823-A819-ACB44A3D3862}.Debug|Any CPU.ActiveCfg = Debug|Any CPU
		{83709CD9-A9B2-4823-A819-ACB44A3D3862}.Debug|Any CPU.Build.0 = Debug|Any CPU
		{83709CD9-A9B2-4823-A819-ACB44A3D3862}.Release|Any CPU.ActiveCfg = Release|Any CPU
		{83709CD9-A9B2-4823-A819-ACB44A3D3862}.Release|Any CPU.Build.0 = Release|Any CPU
	EndGlobalSection
	GlobalSection(SolutionProperties) = preSolution
		HideSolutionNode = FALSE
	EndGlobalSection
EndGlobal
